
Microsoft Visual Studio Solution File, Format Version 12.00
# Visual Studio Version 16
VisualStudioVersion = 16.0.29613.14
MinimumVisualStudioVersion = 10.0.40219.1
Project("{9A19103F-16F7-4668-BE54-9A1E7A4F7556}") = "SportsBetsServer", "SportsBetsServer.csproj", "{7EEBC762-2800-4F5C-9BA0-85505FCF665A}"
EndProject
Project("{FAE04EC0-301F-11D3-BF4B-00C04F79EFBC}") = "SportsBetsAPI.Tests", "..\SportsBetsAPI.Tests\SportsBetsAPI.Tests.csproj", "{294FBF49-7F55-4686-9F73-2370EB4F8A6C}"
EndProject
Global
	GlobalSection(SolutionConfigurationPlatforms) = preSolution
		Debug|Any CPU = Debug|Any CPU
		Release|Any CPU = Release|Any CPU
	EndGlobalSection
	GlobalSection(ProjectConfigurationPlatforms) = postSolution
		{7EEBC762-2800-4F5C-9BA0-85505FCF665A}.Debug|Any CPU.ActiveCfg = Debug|Any CPU
		{7EEBC762-2800-4F5C-9BA0-85505FCF665A}.Debug|Any CPU.Build.0 = Debug|Any CPU
		{7EEBC762-2800-4F5C-9BA0-85505FCF665A}.Release|Any CPU.ActiveCfg = Release|Any CPU
		{7EEBC762-2800-4F5C-9BA0-85505FCF665A}.Release|Any CPU.Build.0 = Release|Any CPU
		{294FBF49-7F55-4686-9F73-2370EB4F8A6C}.Debug|Any CPU.ActiveCfg = Debug|Any CPU
		{294FBF49-7F55-4686-9F73-2370EB4F8A6C}.Debug|Any CPU.Build.0 = Debug|Any CPU
		{294FBF49-7F55-4686-9F73-2370EB4F8A6C}.Release|Any CPU.ActiveCfg = Release|Any CPU
		{294FBF49-7F55-4686-9F73-2370EB4F8A6C}.Release|Any CPU.Build.0 = Release|Any CPU
	EndGlobalSection
	GlobalSection(SolutionProperties) = preSolution
		HideSolutionNode = FALSE
	EndGlobalSection
	GlobalSection(ExtensibilityGlobals) = postSolution
		SolutionGuid = {7C14FA8D-9A31-4CA4-AE66-A9F2AB76F8E3}
	EndGlobalSection
EndGlobal
