
Microsoft Visual Studio Solution File, Format Version 12.00
# Visual Studio Version 16
VisualStudioVersion = 16.0.29613.14
MinimumVisualStudioVersion = 10.0.40219.1
Project("{9A19103F-16F7-4668-BE54-9A1E7A4F7556}") = "LoggerService", "LoggerService.csproj", "{8A52F787-2461-4503-80B3-D24273E8E220}"
EndProject
Global
	GlobalSection(SolutionConfigurationPlatforms) = preSolution
		Debug|Any CPU = Debug|Any CPU
		Release|Any CPU = Release|Any CPU
	EndGlobalSection
	GlobalSection(ProjectConfigurationPlatforms) = postSolution
		{8A52F787-2461-4503-80B3-D24273E8E220}.Debug|Any CPU.ActiveCfg = Debug|Any CPU
		{8A52F787-2461-4503-80B3-D24273E8E220}.Debug|Any CPU.Build.0 = Debug|Any CPU
		{8A52F787-2461-4503-80B3-D24273E8E220}.Release|Any CPU.ActiveCfg = Release|Any CPU
		{8A52F787-2461-4503-80B3-D24273E8E220}.Release|Any CPU.Build.0 = Release|Any CPU
	EndGlobalSection
	GlobalSection(SolutionProperties) = preSolution
		HideSolutionNode = FALSE
	EndGlobalSection
	GlobalSection(ExtensibilityGlobals) = postSolution
		SolutionGuid = {BAEC73AF-2375-4263-A05F-C44702CF8984}
	EndGlobalSection
EndGlobal
